
Microsoft Visual Studio Solution File, Format Version 12.00
# Visual Studio Version 17
VisualStudioVersion = 17.4.33213.308
MinimumVisualStudioVersion = 10.0.40219.1
Project("{9A19103F-16F7-4668-BE54-9A1E7A4F7556}") = "ContainerHive.Mvc", "ContainerHive\ContainerHive.Mvc.csproj", "{49424B78-BFE5-4880-96B9-30D7A2FB5904}"
EndProject
Project("{9A19103F-16F7-4668-BE54-9A1E7A4F7556}") = "ContainerHive.Core", "ContainerHive.Core\ContainerHive.Core.csproj", "{EE5A07B8-259F-471F-AC73-326638B32C9D}"
EndProject
Project("{9A19103F-16F7-4668-BE54-9A1E7A4F7556}") = "ContainerHive.Validation", "ContainerHive.Validation\ContainerHive.Validation.csproj", "{718B8095-9026-4C3B-B52A-058E99CDC8EE}"
EndProject
Global
	GlobalSection(SolutionConfigurationPlatforms) = preSolution
		Debug|Any CPU = Debug|Any CPU
		Release|Any CPU = Release|Any CPU
	EndGlobalSection
	GlobalSection(ProjectConfigurationPlatforms) = postSolution
		{49424B78-BFE5-4880-96B9-30D7A2FB5904}.Debug|Any CPU.ActiveCfg = Debug|Any CPU
		{49424B78-BFE5-4880-96B9-30D7A2FB5904}.Debug|Any CPU.Build.0 = Debug|Any CPU
		{49424B78-BFE5-4880-96B9-30D7A2FB5904}.Release|Any CPU.ActiveCfg = Release|Any CPU
		{49424B78-BFE5-4880-96B9-30D7A2FB5904}.Release|Any CPU.Build.0 = Release|Any CPU
		{EE5A07B8-259F-471F-AC73-326638B32C9D}.Debug|Any CPU.ActiveCfg = Debug|Any CPU
		{EE5A07B8-259F-471F-AC73-326638B32C9D}.Debug|Any CPU.Build.0 = Debug|Any CPU
		{EE5A07B8-259F-471F-AC73-326638B32C9D}.Release|Any CPU.ActiveCfg = Release|Any CPU
		{EE5A07B8-259F-471F-AC73-326638B32C9D}.Release|Any CPU.Build.0 = Release|Any CPU
		{718B8095-9026-4C3B-B52A-058E99CDC8EE}.Debug|Any CPU.ActiveCfg = Debug|Any CPU
		{718B8095-9026-4C3B-B52A-058E99CDC8EE}.Debug|Any CPU.Build.0 = Debug|Any CPU
		{718B8095-9026-4C3B-B52A-058E99CDC8EE}.Release|Any CPU.ActiveCfg = Release|Any CPU
		{718B8095-9026-4C3B-B52A-058E99CDC8EE}.Release|Any CPU.Build.0 = Release|Any CPU
	EndGlobalSection
	GlobalSection(SolutionProperties) = preSolution
		HideSolutionNode = FALSE
	EndGlobalSection
	GlobalSection(ExtensibilityGlobals) = postSolution
		SolutionGuid = {37A7260B-2AB1-407A-A773-5D1BE3B7AC6C}
	EndGlobalSection
EndGlobal
